
Microsoft Visual Studio Solution File, Format Version 12.00
# Visual Studio Version 16
VisualStudioVersion = 16.0.30309.148
MinimumVisualStudioVersion = 10.0.40219.1
Project("{FAE04EC0-301F-11D3-BF4B-00C04F79EFBC}") = "LinqExercise", "LinqExercise\LinqExercise.csproj", "{0B2C08A5-057A-493C-8CCB-DE1541508AD2}"
EndProject
Global
	GlobalSection(SolutionConfigurationPlatforms) = preSolution
		Debug|Any CPU = Debug|Any CPU
		Release|Any CPU = Release|Any CPU
	EndGlobalSection
	GlobalSection(ProjectConfigurationPlatforms) = postSolution
		{0B2C08A5-057A-493C-8CCB-DE1541508AD2}.Debug|Any CPU.ActiveCfg = Debug|Any CPU
		{0B2C08A5-057A-493C-8CCB-DE1541508AD2}.Debug|Any CPU.Build.0 = Debug|Any CPU
		{0B2C08A5-057A-493C-8CCB-DE1541508AD2}.Release|Any CPU.ActiveCfg = Release|Any CPU
		{0B2C08A5-057A-493C-8CCB-DE1541508AD2}.Release|Any CPU.Build.0 = Release|Any CPU
	EndGlobalSection
	GlobalSection(SolutionProperties) = preSolution
		HideSolutionNode = FALSE
	EndGlobalSection
	GlobalSection(ExtensibilityGlobals) = postSolution
		SolutionGuid = {399C6896-84E5-4954-83F6-8970ED429708}
	EndGlobalSection
EndGlobal
